
Microsoft Visual Studio Solution File, Format Version 12.00
# Visual Studio Version 17
VisualStudioVersion = 17.0.31903.59
MinimumVisualStudioVersion = 10.0.40219.1
Project("{2150E333-8FDC-42A3-9474-1A3956D46DE8}") = "src", "src", "{827E0CD3-B72D-47B6-A68D-7590B98EB39B}"
EndProject
Project("{FAE04EC0-301F-11D3-BF4B-00C04F79EFBC}") = "Domain", "src\Domain\Domain.csproj", "{D9FC71EE-A178-44B6-AF49-9E01F0428EEC}"
EndProject
Project("{FAE04EC0-301F-11D3-BF4B-00C04F79EFBC}") = "Application", "src\Application\Application.csproj", "{99F6B55B-2B56-4639-BFAF-3D4B8BC481B1}"
EndProject
Project("{FAE04EC0-301F-11D3-BF4B-00C04F79EFBC}") = "Infrastructure", "src\Infrastructure\Infrastructure.csproj", "{7DF33166-D135-4362-8BEB-56154231B5AA}"
EndProject
Project("{FAE04EC0-301F-11D3-BF4B-00C04F79EFBC}") = "API", "src\API\API.csproj", "{44F70216-FD17-4D82-870B-68B644C21228}"
EndProject
Global
	GlobalSection(SolutionConfigurationPlatforms) = preSolution
		Debug|Any CPU = Debug|Any CPU
		Debug|x64 = Debug|x64
		Debug|x86 = Debug|x86
		Release|Any CPU = Release|Any CPU
		Release|x64 = Release|x64
		Release|x86 = Release|x86
	EndGlobalSection
	GlobalSection(ProjectConfigurationPlatforms) = postSolution
		{D9FC71EE-A178-44B6-AF49-9E01F0428EEC}.Debug|Any CPU.ActiveCfg = Debug|Any CPU
		{D9FC71EE-A178-44B6-AF49-9E01F0428EEC}.Debug|Any CPU.Build.0 = Debug|Any CPU
		{D9FC71EE-A178-44B6-AF49-9E01F0428EEC}.Debug|x64.ActiveCfg = Debug|Any CPU
		{D9FC71EE-A178-44B6-AF49-9E01F0428EEC}.Debug|x64.Build.0 = Debug|Any CPU
		{D9FC71EE-A178-44B6-AF49-9E01F0428EEC}.Debug|x86.ActiveCfg = Debug|Any CPU
		{D9FC71EE-A178-44B6-AF49-9E01F0428EEC}.Debug|x86.Build.0 = Debug|Any CPU
		{D9FC71EE-A178-44B6-AF49-9E01F0428EEC}.Release|Any CPU.ActiveCfg = Release|Any CPU
		{D9FC71EE-A178-44B6-AF49-9E01F0428EEC}.Release|Any CPU.Build.0 = Release|Any CPU
		{D9FC71EE-A178-44B6-AF49-9E01F0428EEC}.Release|x64.ActiveCfg = Release|Any CPU
		{D9FC71EE-A178-44B6-AF49-9E01F0428EEC}.Release|x64.Build.0 = Release|Any CPU
		{D9FC71EE-A178-44B6-AF49-9E01F0428EEC}.Release|x86.ActiveCfg = Release|Any CPU
		{D9FC71EE-A178-44B6-AF49-9E01F0428EEC}.Release|x86.Build.0 = Release|Any CPU
		{99F6B55B-2B56-4639-BFAF-3D4B8BC481B1}.Debug|Any CPU.ActiveCfg = Debug|Any CPU
		{99F6B55B-2B56-4639-BFAF-3D4B8BC481B1}.Debug|Any CPU.Build.0 = Debug|Any CPU
		{99F6B55B-2B56-4639-BFAF-3D4B8BC481B1}.Debug|x64.ActiveCfg = Debug|Any CPU
		{99F6B55B-2B56-4639-BFAF-3D4B8BC481B1}.Debug|x64.Build.0 = Debug|Any CPU
		{99F6B55B-2B56-4639-BFAF-3D4B8BC481B1}.Debug|x86.ActiveCfg = Debug|Any CPU
		{99F6B55B-2B56-4639-BFAF-3D4B8BC481B1}.Debug|x86.Build.0 = Debug|Any CPU
		{99F6B55B-2B56-4639-BFAF-3D4B8BC481B1}.Release|Any CPU.ActiveCfg = Release|Any CPU
		{99F6B55B-2B56-4639-BFAF-3D4B8BC481B1}.Release|Any CPU.Build.0 = Release|Any CPU
		{99F6B55B-2B56-4639-BFAF-3D4B8BC481B1}.Release|x64.ActiveCfg = Release|Any CPU
		{99F6B55B-2B56-4639-BFAF-3D4B8BC481B1}.Release|x64.Build.0 = Release|Any CPU
		{99F6B55B-2B56-4639-BFAF-3D4B8BC481B1}.Release|x86.ActiveCfg = Release|Any CPU
		{99F6B55B-2B56-4639-BFAF-3D4B8BC481B1}.Release|x86.Build.0 = Release|Any CPU
		{7DF33166-D135-4362-8BEB-56154231B5AA}.Debug|Any CPU.ActiveCfg = Debug|Any CPU
		{7DF33166-D135-4362-8BEB-56154231B5AA}.Debug|Any CPU.Build.0 = Debug|Any CPU
		{7DF33166-D135-4362-8BEB-56154231B5AA}.Debug|x64.ActiveCfg = Debug|Any CPU
		{7DF33166-D135-4362-8BEB-56154231B5AA}.Debug|x64.Build.0 = Debug|Any CPU
		{7DF33166-D135-4362-8BEB-56154231B5AA}.Debug|x86.ActiveCfg = Debug|Any CPU
		{7DF33166-D135-4362-8BEB-56154231B5AA}.Debug|x86.Build.0 = Debug|Any CPU
		{7DF33166-D135-4362-8BEB-56154231B5AA}.Release|Any CPU.ActiveCfg = Release|Any CPU
		{7DF33166-D135-4362-8BEB-56154231B5AA}.Release|Any CPU.Build.0 = Release|Any CPU
		{7DF33166-D135-4362-8BEB-56154231B5AA}.Release|x64.ActiveCfg = Release|Any CPU
		{7DF33166-D135-4362-8BEB-56154231B5AA}.Release|x64.Build.0 = Release|Any CPU
		{7DF33166-D135-4362-8BEB-56154231B5AA}.Release|x86.ActiveCfg = Release|Any CPU
		{7DF33166-D135-4362-8BEB-56154231B5AA}.Release|x86.Build.0 = Release|Any CPU
		{44F70216-FD17-4D82-870B-68B644C21228}.Debug|Any CPU.ActiveCfg = Debug|Any CPU
		{44F70216-FD17-4D82-870B-68B644C21228}.Debug|Any CPU.Build.0 = Debug|Any CPU
		{44F70216-FD17-4D82-870B-68B644C21228}.Debug|x64.ActiveCfg = Debug|Any CPU
		{44F70216-FD17-4D82-870B-68B644C21228}.Debug|x64.Build.0 = Debug|Any CPU
		{44F70216-FD17-4D82-870B-68B644C21228}.Debug|x86.ActiveCfg = Debug|Any CPU
		{44F70216-FD17-4D82-870B-68B644C21228}.Debug|x86.Build.0 = Debug|Any CPU
		{44F70216-FD17-4D82-870B-68B644C21228}.Release|Any CPU.ActiveCfg = Release|Any CPU
		{44F70216-FD17-4D82-870B-68B644C21228}.Release|Any CPU.Build.0 = Release|Any CPU
		{44F70216-FD17-4D82-870B-68B644C21228}.Release|x64.ActiveCfg = Release|Any CPU
		{44F70216-FD17-4D82-870B-68B644C21228}.Release|x64.Build.0 = Release|Any CPU
		{44F70216-FD17-4D82-870B-68B644C21228}.Release|x86.ActiveCfg = Release|Any CPU
		{44F70216-FD17-4D82-870B-68B644C21228}.Release|x86.Build.0 = Release|Any CPU
	EndGlobalSection
	GlobalSection(SolutionProperties) = preSolution
		HideSolutionNode = FALSE
	EndGlobalSection
	GlobalSection(NestedProjects) = preSolution
		{D9FC71EE-A178-44B6-AF49-9E01F0428EEC} = {827E0CD3-B72D-47B6-A68D-7590B98EB39B}
		{99F6B55B-2B56-4639-BFAF-3D4B8BC481B1} = {827E0CD3-B72D-47B6-A68D-7590B98EB39B}
		{7DF33166-D135-4362-8BEB-56154231B5AA} = {827E0CD3-B72D-47B6-A68D-7590B98EB39B}
		{44F70216-FD17-4D82-870B-68B644C21228} = {827E0CD3-B72D-47B6-A68D-7590B98EB39B}
	EndGlobalSection
EndGlobal
